// !$*UTF8*$!
{
	archiveVersion = 1;
	classes = {
	};
	objectVersion = 56;
	objects = {

/* Begin PBXBuildFile section */
		8B2C96DC2BBF3DDA00999E47 /* GeoParkApp.swift in Sources */ = {isa = PBXBuildFile; fileRef = 8B2C96DB2BBF3DDA00999E47 /* GeoParkApp.swift */; };
		8B2C96DE2BBF3DDA00999E47 /* ContentView.swift in Sources */ = {isa = PBXBuildFile; fileRef = 8B2C96DD2BBF3DDA00999E47 /* ContentView.swift */; };
		8B2C96E02BBF3DDC00999E47 /* Assets.xcassets in Resources */ = {isa = PBXBuildFile; fileRef = 8B2C96DF2BBF3DDC00999E47 /* Assets.xcassets */; };
		8B2C96E32BBF3DDC00999E47 /* Preview Assets.xcassets in Resources */ = {isa = PBXBuildFile; fileRef = 8B2C96E22BBF3DDC00999E47 /* Preview Assets.xcassets */; };
		8B2C96E52BBF3DDC00999E47 /* Persistence.swift in Sources */ = {isa = PBXBuildFile; fileRef = 8B2C96E42BBF3DDC00999E47 /* Persistence.swift */; };
		8B2C96E82BBF3DDC00999E47 /* GeoPark.xcdatamodeld in Sources */ = {isa = PBXBuildFile; fileRef = 8B2C96E62BBF3DDC00999E47 /* GeoPark.xcdatamodeld */; };
		8B2C96EF2BBF42C900999E47 /* geotest.swift in Sources */ = {isa = PBXBuildFile; fileRef = 8B2C96EE2BBF42C900999E47 /* geotest.swift */; };
		8B73C4B62BC5A2B0008AD228 /* HomeView.swift in Sources */ = {isa = PBXBuildFile; fileRef = 8B73C4B52BC5A2B0008AD228 /* HomeView.swift */; };
		8B73C4B82BC5A3DE008AD228 /* NumberView.swift in Sources */ = {isa = PBXBuildFile; fileRef = 8B73C4B72BC5A3DE008AD228 /* NumberView.swift */; };
		8B73C4BA2BC5A3FE008AD228 /* WeatherView.swift in Sources */ = {isa = PBXBuildFile; fileRef = 8B73C4B92BC5A3FE008AD228 /* WeatherView.swift */; };
		8B73C4BC2BC5A46B008AD228 /* TestView.swift in Sources */ = {isa = PBXBuildFile; fileRef = 8B73C4BB2BC5A46B008AD228 /* TestView.swift */; };
		8B73C4DE2BC852E6008AD228 /* HomeTestView.swift in Sources */ = {isa = PBXBuildFile; fileRef = 8B73C4DD2BC852E6008AD228 /* HomeTestView.swift */; };
		8BEDF0362BCF425700BD70D4 /* TestHomeView.swift in Sources */ = {isa = PBXBuildFile; fileRef = 8BEDF0352BCF425700BD70D4 /* TestHomeView.swift */; };
		8BEDF0452BCF4E1600BD70D4 /* LocationViewModel.swift in Sources */ = {isa = PBXBuildFile; fileRef = 8BEDF0442BCF4E1600BD70D4 /* LocationViewModel.swift */; };
		8BEDF0492BCF4E8500BD70D4 /* BasicView.swift in Sources */ = {isa = PBXBuildFile; fileRef = 8BEDF0482BCF4E8500BD70D4 /* BasicView.swift */; };
/* End PBXBuildFile section */

/* Begin PBXContainerItemProxy section */
		8BEDF03F2BCF476600BD70D4 /* PBXContainerItemProxy */ = {
			isa = PBXContainerItemProxy;
			containerPortal = 8B2C96D02BBF3DDA00999E47 /* Project object */;
			proxyType = 1;
			remoteGlobalIDString = 8B2C96D72BBF3DDA00999E47;
			remoteInfo = GeoPark;
		};
/* End PBXContainerItemProxy section */

/* Begin PBXFileReference section */
		8B2C96D82BBF3DDA00999E47 /* GeoPark.app */ = {isa = PBXFileReference; explicitFileType = wrapper.application; includeInIndex = 0; path = GeoPark.app; sourceTree = BUILT_PRODUCTS_DIR; };
		8B2C96DB2BBF3DDA00999E47 /* GeoParkApp.swift */ = {isa = PBXFileReference; lastKnownFileType = sourcecode.swift; path = GeoParkApp.swift; sourceTree = "<group>"; };
		8B2C96DD2BBF3DDA00999E47 /* ContentView.swift */ = {isa = PBXFileReference; lastKnownFileType = sourcecode.swift; path = ContentView.swift; sourceTree = "<group>"; };
		8B2C96DF2BBF3DDC00999E47 /* Assets.xcassets */ = {isa = PBXFileReference; lastKnownFileType = folder.assetcatalog; path = Assets.xcassets; sourceTree = "<group>"; };
		8B2C96E22BBF3DDC00999E47 /* Preview Assets.xcassets */ = {isa = PBXFileReference; lastKnownFileType = folder.assetcatalog; path = "Preview Assets.xcassets"; sourceTree = "<group>"; };
		8B2C96E42BBF3DDC00999E47 /* Persistence.swift */ = {isa = PBXFileReference; lastKnownFileType = sourcecode.swift; path = Persistence.swift; sourceTree = "<group>"; };
		8B2C96E72BBF3DDC00999E47 /* GeoPark.xcdatamodel */ = {isa = PBXFileReference; lastKnownFileType = wrapper.xcdatamodel; path = GeoPark.xcdatamodel; sourceTree = "<group>"; };
		8B2C96EE2BBF42C900999E47 /* geotest.swift */ = {isa = PBXFileReference; lastKnownFileType = sourcecode.swift; path = geotest.swift; sourceTree = "<group>"; };
		8B2C96F02BBF5E6800999E47 /* LocationSim.gpx */ = {isa = PBXFileReference; lastKnownFileType = text.xml; path = LocationSim.gpx; sourceTree = "<group>"; };
		8B2C96F12BBF613500999E47 /* Info.plist */ = {isa = PBXFileReference; lastKnownFileType = text.plist; path = Info.plist; sourceTree = "<group>"; };
		8B73C4B52BC5A2B0008AD228 /* HomeView.swift */ = {isa = PBXFileReference; lastKnownFileType = sourcecode.swift; path = HomeView.swift; sourceTree = "<group>"; };
		8B73C4B72BC5A3DE008AD228 /* NumberView.swift */ = {isa = PBXFileReference; lastKnownFileType = sourcecode.swift; path = NumberView.swift; sourceTree = "<group>"; };
		8B73C4B92BC5A3FE008AD228 /* WeatherView.swift */ = {isa = PBXFileReference; lastKnownFileType = sourcecode.swift; path = WeatherView.swift; sourceTree = "<group>"; };
		8B73C4BB2BC5A46B008AD228 /* TestView.swift */ = {isa = PBXFileReference; lastKnownFileType = sourcecode.swift; path = TestView.swift; sourceTree = "<group>"; };
		8B73C4DC2BC85226008AD228 /* GeoPark.entitlements */ = {isa = PBXFileReference; lastKnownFileType = text.plist.entitlements; path = GeoPark.entitlements; sourceTree = "<group>"; };
		8B73C4DD2BC852E6008AD228 /* HomeTestView.swift */ = {isa = PBXFileReference; lastKnownFileType = sourcecode.swift; path = HomeTestView.swift; sourceTree = "<group>"; };
		8BEDF0352BCF425700BD70D4 /* TestHomeView.swift */ = {isa = PBXFileReference; lastKnownFileType = sourcecode.swift; path = TestHomeView.swift; sourceTree = "<group>"; };
		8BEDF03B2BCF476600BD70D4 /* GeoParkTests.xctest */ = {isa = PBXFileReference; explicitFileType = wrapper.cfbundle; includeInIndex = 0; path = GeoParkTests.xctest; sourceTree = BUILT_PRODUCTS_DIR; };
		8BEDF0442BCF4E1600BD70D4 /* LocationViewModel.swift */ = {isa = PBXFileReference; lastKnownFileType = sourcecode.swift; path = LocationViewModel.swift; sourceTree = "<group>"; };
		8BEDF0482BCF4E8500BD70D4 /* BasicView.swift */ = {isa = PBXFileReference; lastKnownFileType = sourcecode.swift; path = BasicView.swift; sourceTree = "<group>"; };
/* End PBXFileReference section */

/* Begin PBXFrameworksBuildPhase section */
		8B2C96D52BBF3DDA00999E47 /* Frameworks */ = {
			isa = PBXFrameworksBuildPhase;
			buildActionMask = 2147483647;
			files = (
			);
			runOnlyForDeploymentPostprocessing = 0;
		};
		8BEDF0382BCF476600BD70D4 /* Frameworks */ = {
			isa = PBXFrameworksBuildPhase;
			buildActionMask = 2147483647;
			files = (
			);
			runOnlyForDeploymentPostprocessing = 0;
		};
/* End PBXFrameworksBuildPhase section */

/* Begin PBXGroup section */
		8B2C96CF2BBF3DDA00999E47 = {
			isa = PBXGroup;
			children = (
				8B2C96DA2BBF3DDA00999E47 /* GeoPark */,
				8B2C96D92BBF3DDA00999E47 /* Products */,
			);
			sourceTree = "<group>";
		};
		8B2C96D92BBF3DDA00999E47 /* Products */ = {
			isa = PBXGroup;
			children = (
				8B2C96D82BBF3DDA00999E47 /* GeoPark.app */,
				8BEDF03B2BCF476600BD70D4 /* GeoParkTests.xctest */,
			);
			name = Products;
			sourceTree = "<group>";
		};
		8B2C96DA2BBF3DDA00999E47 /* GeoPark */ = {
			isa = PBXGroup;
			children = (
				8B73C4DC2BC85226008AD228 /* GeoPark.entitlements */,
				8B2C96F12BBF613500999E47 /* Info.plist */,
				8B2C96DB2BBF3DDA00999E47 /* GeoParkApp.swift */,
				8B2C96DD2BBF3DDA00999E47 /* ContentView.swift */,
				8B73C4B52BC5A2B0008AD228 /* HomeView.swift */,
				8B73C4DD2BC852E6008AD228 /* HomeTestView.swift */,
				8BEDF0442BCF4E1600BD70D4 /* LocationViewModel.swift */,
				8B73C4B92BC5A3FE008AD228 /* WeatherView.swift */,
				8B73C4BB2BC5A46B008AD228 /* TestView.swift */,
				8BEDF0482BCF4E8500BD70D4 /* BasicView.swift */,
				8BEDF0352BCF425700BD70D4 /* TestHomeView.swift */,
				8B73C4B72BC5A3DE008AD228 /* NumberView.swift */,
				8B2C96F02BBF5E6800999E47 /* LocationSim.gpx */,
				8B2C96EE2BBF42C900999E47 /* geotest.swift */,
				8B2C96DF2BBF3DDC00999E47 /* Assets.xcassets */,
				8B2C96E42BBF3DDC00999E47 /* Persistence.swift */,
				8B2C96E62BBF3DDC00999E47 /* GeoPark.xcdatamodeld */,
				8B2C96E12BBF3DDC00999E47 /* Preview Content */,
			);
			path = GeoPark;
			sourceTree = "<group>";
		};
		8B2C96E12BBF3DDC00999E47 /* Preview Content */ = {
			isa = PBXGroup;
			children = (
				8B2C96E22BBF3DDC00999E47 /* Preview Assets.xcassets */,
			);
			path = "Preview Content";
			sourceTree = "<group>";
		};
/* End PBXGroup section */

/* Begin PBXNativeTarget section */
		8B2C96D72BBF3DDA00999E47 /* GeoPark */ = {
			isa = PBXNativeTarget;
			buildConfigurationList = 8B2C96EB2BBF3DDC00999E47 /* Build configuration list for PBXNativeTarget "GeoPark" */;
			buildPhases = (
				8B2C96D42BBF3DDA00999E47 /* Sources */,
				8B2C96D52BBF3DDA00999E47 /* Frameworks */,
				8B2C96D62BBF3DDA00999E47 /* Resources */,
			);
			buildRules = (
			);
			dependencies = (
			);
			name = GeoPark;
			productName = GeoPark;
			productReference = 8B2C96D82BBF3DDA00999E47 /* GeoPark.app */;
			productType = "com.apple.product-type.application";
		};
		8BEDF03A2BCF476600BD70D4 /* GeoParkTests */ = {
			isa = PBXNativeTarget;
			buildConfigurationList = 8BEDF0412BCF476600BD70D4 /* Build configuration list for PBXNativeTarget "GeoParkTests" */;
			buildPhases = (
				8BEDF0372BCF476600BD70D4 /* Sources */,
				8BEDF0382BCF476600BD70D4 /* Frameworks */,
				8BEDF0392BCF476600BD70D4 /* Resources */,
			);
			buildRules = (
			);
			dependencies = (
				8BEDF0402BCF476600BD70D4 /* PBXTargetDependency */,
			);
			name = GeoParkTests;
			productName = GeoParkTests;
			productReference = 8BEDF03B2BCF476600BD70D4 /* GeoParkTests.xctest */;
			productType = "com.apple.product-type.bundle.unit-test";
		};
/* End PBXNativeTarget section */

/* Begin PBXProject section */
		8B2C96D02BBF3DDA00999E47 /* Project object */ = {
			isa = PBXProject;
			attributes = {
				BuildIndependentTargetsInParallel = 1;
				LastSwiftUpdateCheck = 1510;
				LastUpgradeCheck = 1510;
				TargetAttributes = {
					8B2C96D72BBF3DDA00999E47 = {
						CreatedOnToolsVersion = 15.1;
					};
					8BEDF03A2BCF476600BD70D4 = {
						CreatedOnToolsVersion = 15.1;
						TestTargetID = 8B2C96D72BBF3DDA00999E47;
					};
				};
			};
			buildConfigurationList = 8B2C96D32BBF3DDA00999E47 /* Build configuration list for PBXProject "GeoPark" */;
			compatibilityVersion = "Xcode 14.0";
			developmentRegion = en;
			hasScannedForEncodings = 0;
			knownRegions = (
				en,
				Base,
			);
			mainGroup = 8B2C96CF2BBF3DDA00999E47;
			productRefGroup = 8B2C96D92BBF3DDA00999E47 /* Products */;
			projectDirPath = "";
			projectRoot = "";
			targets = (
				8B2C96D72BBF3DDA00999E47 /* GeoPark */,
				8BEDF03A2BCF476600BD70D4 /* GeoParkTests */,
			);
		};
/* End PBXProject section */

/* Begin PBXResourcesBuildPhase section */
		8B2C96D62BBF3DDA00999E47 /* Resources */ = {
			isa = PBXResourcesBuildPhase;
			buildActionMask = 2147483647;
			files = (
				8B2C96E32BBF3DDC00999E47 /* Preview Assets.xcassets in Resources */,
				8B2C96E02BBF3DDC00999E47 /* Assets.xcassets in Resources */,
			);
			runOnlyForDeploymentPostprocessing = 0;
		};
		8BEDF0392BCF476600BD70D4 /* Resources */ = {
			isa = PBXResourcesBuildPhase;
			buildActionMask = 2147483647;
			files = (
			);
			runOnlyForDeploymentPostprocessing = 0;
		};
/* End PBXResourcesBuildPhase section */

/* Begin PBXSourcesBuildPhase section */
		8B2C96D42BBF3DDA00999E47 /* Sources */ = {
			isa = PBXSourcesBuildPhase;
			buildActionMask = 2147483647;
			files = (
				8BEDF0492BCF4E8500BD70D4 /* BasicView.swift in Sources */,
				8B2C96E52BBF3DDC00999E47 /* Persistence.swift in Sources */,
				8B2C96E82BBF3DDC00999E47 /* GeoPark.xcdatamodeld in Sources */,
				8BEDF0362BCF425700BD70D4 /* TestHomeView.swift in Sources */,
				8B2C96DE2BBF3DDA00999E47 /* ContentView.swift in Sources */,
				8B73C4DE2BC852E6008AD228 /* HomeTestView.swift in Sources */,
				8B73C4B62BC5A2B0008AD228 /* HomeView.swift in Sources */,
				8B2C96DC2BBF3DDA00999E47 /* GeoParkApp.swift in Sources */,
				8BEDF0452BCF4E1600BD70D4 /* LocationViewModel.swift in Sources */,
				8B2C96EF2BBF42C900999E47 /* geotest.swift in Sources */,
				8B73C4BC2BC5A46B008AD228 /* TestView.swift in Sources */,
				8B73C4B82BC5A3DE008AD228 /* NumberView.swift in Sources */,
				8B73C4BA2BC5A3FE008AD228 /* WeatherView.swift in Sources */,
			);
			runOnlyForDeploymentPostprocessing = 0;
		};
		8BEDF0372BCF476600BD70D4 /* Sources */ = {
			isa = PBXSourcesBuildPhase;
			buildActionMask = 2147483647;
			files = (
			);
			runOnlyForDeploymentPostprocessing = 0;
		};
/* End PBXSourcesBuildPhase section */

/* Begin PBXTargetDependency section */
		8BEDF0402BCF476600BD70D4 /* PBXTargetDependency */ = {
			isa = PBXTargetDependency;
			target = 8B2C96D72BBF3DDA00999E47 /* GeoPark */;
			targetProxy = 8BEDF03F2BCF476600BD70D4 /* PBXContainerItemProxy */;
		};
/* End PBXTargetDependency section */

/* Begin XCBuildConfiguration section */
		8B2C96E92BBF3DDC00999E47 /* Debug */ = {
			isa = XCBuildConfiguration;
			buildSettings = {
				ALWAYS_SEARCH_USER_PATHS = NO;
				ASSETCATALOG_COMPILER_GENERATE_SWIFT_ASSET_SYMBOL_EXTENSIONS = YES;
				CLANG_ANALYZER_NONNULL = YES;
				CLANG_ANALYZER_NUMBER_OBJECT_CONVERSION = YES_AGGRESSIVE;
				CLANG_CXX_LANGUAGE_STANDARD = "gnu++20";
				CLANG_ENABLE_MODULES = YES;
				CLANG_ENABLE_OBJC_ARC = YES;
				CLANG_ENABLE_OBJC_WEAK = YES;
				CLANG_WARN_BLOCK_CAPTURE_AUTORELEASING = YES;
				CLANG_WARN_BOOL_CONVERSION = YES;
				CLANG_WARN_COMMA = YES;
				CLANG_WARN_CONSTANT_CONVERSION = YES;
				CLANG_WARN_DEPRECATED_OBJC_IMPLEMENTATIONS = YES;
				CLANG_WARN_DIRECT_OBJC_ISA_USAGE = YES_ERROR;
				CLANG_WARN_DOCUMENTATION_COMMENTS = YES;
				CLANG_WARN_EMPTY_BODY = YES;
				CLANG_WARN_ENUM_CONVERSION = YES;
				CLANG_WARN_INFINITE_RECURSION = YES;
				CLANG_WARN_INT_CONVERSION = YES;
				CLANG_WARN_NON_LITERAL_NULL_CONVERSION = YES;
				CLANG_WARN_OBJC_IMPLICIT_RETAIN_SELF = YES;
				CLANG_WARN_OBJC_LITERAL_CONVERSION = YES;
				CLANG_WARN_OBJC_ROOT_CLASS = YES_ERROR;
				CLANG_WARN_QUOTED_INCLUDE_IN_FRAMEWORK_HEADER = YES;
				CLANG_WARN_RANGE_LOOP_ANALYSIS = YES;
				CLANG_WARN_STRICT_PROTOTYPES = YES;
				CLANG_WARN_SUSPICIOUS_MOVE = YES;
				CLANG_WARN_UNGUARDED_AVAILABILITY = YES_AGGRESSIVE;
				CLANG_WARN_UNREACHABLE_CODE = YES;
				CLANG_WARN__DUPLICATE_METHOD_MATCH = YES;
				COPY_PHASE_STRIP = NO;
				DEBUG_INFORMATION_FORMAT = dwarf;
				ENABLE_STRICT_OBJC_MSGSEND = YES;
				ENABLE_TESTABILITY = YES;
				ENABLE_USER_SCRIPT_SANDBOXING = YES;
				GCC_C_LANGUAGE_STANDARD = gnu17;
				GCC_DYNAMIC_NO_PIC = NO;
				GCC_NO_COMMON_BLOCKS = YES;
				GCC_OPTIMIZATION_LEVEL = 0;
				GCC_PREPROCESSOR_DEFINITIONS = (
					"DEBUG=1",
					"$(inherited)",
				);
				GCC_WARN_64_TO_32_BIT_CONVERSION = YES;
				GCC_WARN_ABOUT_RETURN_TYPE = YES_ERROR;
				GCC_WARN_UNDECLARED_SELECTOR = YES;
				GCC_WARN_UNINITIALIZED_AUTOS = YES_AGGRESSIVE;
				GCC_WARN_UNUSED_FUNCTION = YES;
				GCC_WARN_UNUSED_VARIABLE = YES;
				IPHONEOS_DEPLOYMENT_TARGET = 17.2;
				LOCALIZATION_PREFERS_STRING_CATALOGS = YES;
				MTL_ENABLE_DEBUG_INFO = INCLUDE_SOURCE;
				MTL_FAST_MATH = YES;
				ONLY_ACTIVE_ARCH = YES;
				SDKROOT = iphoneos;
				SWIFT_ACTIVE_COMPILATION_CONDITIONS = "DEBUG $(inherited)";
				SWIFT_OPTIMIZATION_LEVEL = "-Onone";
			};
			name = Debug;
		};
		8B2C96EA2BBF3DDC00999E47 /* Release */ = {
			isa = XCBuildConfiguration;
			buildSettings = {
				ALWAYS_SEARCH_USER_PATHS = NO;
				ASSETCATALOG_COMPILER_GENERATE_SWIFT_ASSET_SYMBOL_EXTENSIONS = YES;
				CLANG_ANALYZER_NONNULL = YES;
				CLANG_ANALYZER_NUMBER_OBJECT_CONVERSION = YES_AGGRESSIVE;
				CLANG_CXX_LANGUAGE_STANDARD = "gnu++20";
				CLANG_ENABLE_MODULES = YES;
				CLANG_ENABLE_OBJC_ARC = YES;
				CLANG_ENABLE_OBJC_WEAK = YES;
				CLANG_WARN_BLOCK_CAPTURE_AUTORELEASING = YES;
				CLANG_WARN_BOOL_CONVERSION = YES;
				CLANG_WARN_COMMA = YES;
				CLANG_WARN_CONSTANT_CONVERSION = YES;
				CLANG_WARN_DEPRECATED_OBJC_IMPLEMENTATIONS = YES;
				CLANG_WARN_DIRECT_OBJC_ISA_USAGE = YES_ERROR;
				CLANG_WARN_DOCUMENTATION_COMMENTS = YES;
				CLANG_WARN_EMPTY_BODY = YES;
				CLANG_WARN_ENUM_CONVERSION = YES;
				CLANG_WARN_INFINITE_RECURSION = YES;
				CLANG_WARN_INT_CONVERSION = YES;
				CLANG_WARN_NON_LITERAL_NULL_CONVERSION = YES;
				CLANG_WARN_OBJC_IMPLICIT_RETAIN_SELF = YES;
				CLANG_WARN_OBJC_LITERAL_CONVERSION = YES;
				CLANG_WARN_OBJC_ROOT_CLASS = YES_ERROR;
				CLANG_WARN_QUOTED_INCLUDE_IN_FRAMEWORK_HEADER = YES;
				CLANG_WARN_RANGE_LOOP_ANALYSIS = YES;
				CLANG_WARN_STRICT_PROTOTYPES = YES;
				CLANG_WARN_SUSPICIOUS_MOVE = YES;
				CLANG_WARN_UNGUARDED_AVAILABILITY = YES_AGGRESSIVE;
				CLANG_WARN_UNREACHABLE_CODE = YES;
				CLANG_WARN__DUPLICATE_METHOD_MATCH = YES;
				COPY_PHASE_STRIP = NO;
				DEBUG_INFORMATION_FORMAT = "dwarf-with-dsym";
				ENABLE_NS_ASSERTIONS = NO;
				ENABLE_STRICT_OBJC_MSGSEND = YES;
				ENABLE_USER_SCRIPT_SANDBOXING = YES;
				GCC_C_LANGUAGE_STANDARD = gnu17;
				GCC_NO_COMMON_BLOCKS = YES;
				GCC_WARN_64_TO_32_BIT_CONVERSION = YES;
				GCC_WARN_ABOUT_RETURN_TYPE = YES_ERROR;
				GCC_WARN_UNDECLARED_SELECTOR = YES;
				GCC_WARN_UNINITIALIZED_AUTOS = YES_AGGRESSIVE;
				GCC_WARN_UNUSED_FUNCTION = YES;
				GCC_WARN_UNUSED_VARIABLE = YES;
				IPHONEOS_DEPLOYMENT_TARGET = 17.2;
				LOCALIZATION_PREFERS_STRING_CATALOGS = YES;
				MTL_ENABLE_DEBUG_INFO = NO;
				MTL_FAST_MATH = YES;
				SDKROOT = iphoneos;
				SWIFT_COMPILATION_MODE = wholemodule;
				VALIDATE_PRODUCT = YES;
			};
			name = Release;
		};
		8B2C96EC2BBF3DDC00999E47 /* Debug */ = {
			isa = XCBuildConfiguration;
			buildSettings = {
				ASSETCATALOG_COMPILER_APPICON_NAME = AppIcon;
				ASSETCATALOG_COMPILER_GLOBAL_ACCENT_COLOR_NAME = AccentColor;
				CODE_SIGN_ENTITLEMENTS = GeoPark/GeoPark.entitlements;
				CODE_SIGN_STYLE = Automatic;
				CURRENT_PROJECT_VERSION = 1;
				DEVELOPMENT_ASSET_PATHS = "\"GeoPark/Preview Content\"";
				DEVELOPMENT_TEAM = 5FZSD4YTQ2;
				ENABLE_PREVIEWS = YES;
				GENERATE_INFOPLIST_FILE = YES;
				INFOPLIST_FILE = GeoPark/Info.plist;
				INFOPLIST_KEY_NSLocationAlwaysAndWhenInUseUsageDescription = "We need your location to provide notifications about your presence in geofenced areas even when the app is not in use.";
				INFOPLIST_KEY_NSLocationWhenInUseUsageDescription = "We need your location to alert you when you enter or leave a geofenced area.";
				INFOPLIST_KEY_UIApplicationSceneManifest_Generation = YES;
				INFOPLIST_KEY_UIApplicationSupportsIndirectInputEvents = YES;
				INFOPLIST_KEY_UILaunchScreen_Generation = YES;
				INFOPLIST_KEY_UISupportedInterfaceOrientations_iPad = "UIInterfaceOrientationPortrait UIInterfaceOrientationPortraitUpsideDown UIInterfaceOrientationLandscapeLeft UIInterfaceOrientationLandscapeRight";
				INFOPLIST_KEY_UISupportedInterfaceOrientations_iPhone = "UIInterfaceOrientationPortrait UIInterfaceOrientationLandscapeLeft UIInterfaceOrientationLandscapeRight";
				LD_RUNPATH_SEARCH_PATHS = (
					"$(inherited)",
					"@executable_path/Frameworks",
				);
				MARKETING_VERSION = 1.0;
				PRODUCT_BUNDLE_IDENTIFIER = com.codewithWill.GeoPark;
				PRODUCT_NAME = "$(TARGET_NAME)";
				SWIFT_EMIT_LOC_STRINGS = YES;
				SWIFT_VERSION = 5.0;
				TARGETED_DEVICE_FAMILY = "1,2";
			};
			name = Debug;
		};
		8B2C96ED2BBF3DDC00999E47 /* Release */ = {
			isa = XCBuildConfiguration;
			buildSettings = {
				ASSETCATALOG_COMPILER_APPICON_NAME = AppIcon;
				ASSETCATALOG_COMPILER_GLOBAL_ACCENT_COLOR_NAME = AccentColor;
				CODE_SIGN_ENTITLEMENTS = GeoPark/GeoPark.entitlements;
				CODE_SIGN_STYLE = Automatic;
				CURRENT_PROJECT_VERSION = 1;
				DEVELOPMENT_ASSET_PATHS = "\"GeoPark/Preview Content\"";
				DEVELOPMENT_TEAM = 5FZSD4YTQ2;
				ENABLE_PREVIEWS = YES;
				GENERATE_INFOPLIST_FILE = YES;
				INFOPLIST_FILE = GeoPark/Info.plist;
				INFOPLIST_KEY_NSLocationAlwaysAndWhenInUseUsageDescription = "We need your location to provide notifications about your presence in geofenced areas even when the app is not in use.";
				INFOPLIST_KEY_NSLocationWhenInUseUsageDescription = "We need your location to alert you when you enter or leave a geofenced area.";
				INFOPLIST_KEY_UIApplicationSceneManifest_Generation = YES;
				INFOPLIST_KEY_UIApplicationSupportsIndirectInputEvents = YES;
				INFOPLIST_KEY_UILaunchScreen_Generation = YES;
				INFOPLIST_KEY_UISupportedInterfaceOrientations_iPad = "UIInterfaceOrientationPortrait UIInterfaceOrientationPortraitUpsideDown UIInterfaceOrientationLandscapeLeft UIInterfaceOrientationLandscapeRight";
				INFOPLIST_KEY_UISupportedInterfaceOrientations_iPhone = "UIInterfaceOrientationPortrait UIInterfaceOrientationLandscapeLeft UIInterfaceOrientationLandscapeRight";
				LD_RUNPATH_SEARCH_PATHS = (
					"$(inherited)",
					"@executable_path/Frameworks",
				);
				MARKETING_VERSION = 1.0;
				PRODUCT_BUNDLE_IDENTIFIER = com.codewithWill.GeoPark;
				PRODUCT_NAME = "$(TARGET_NAME)";
				SWIFT_EMIT_LOC_STRINGS = YES;
				SWIFT_VERSION = 5.0;
				TARGETED_DEVICE_FAMILY = "1,2";
			};
			name = Release;
		};
		8BEDF0422BCF476600BD70D4 /* Debug */ = {
			isa = XCBuildConfiguration;
			buildSettings = {
				BUNDLE_LOADER = "$(TEST_HOST)";
				CODE_SIGN_STYLE = Automatic;
				CURRENT_PROJECT_VERSION = 1;
				DEVELOPMENT_TEAM = 5FZSD4YTQ2;
				GENERATE_INFOPLIST_FILE = YES;
				MARKETING_VERSION = 1.0;
				PRODUCT_BUNDLE_IDENTIFIER = com.codewithWill.GeoParkTests;
				PRODUCT_NAME = "$(TARGET_NAME)";
				SWIFT_EMIT_LOC_STRINGS = NO;
				SWIFT_VERSION = 5.0;
				TARGETED_DEVICE_FAMILY = "1,2";
				TEST_HOST = "$(BUILT_PRODUCTS_DIR)/GeoPark.app/$(BUNDLE_EXECUTABLE_FOLDER_PATH)/GeoPark";
			};
			name = Debug;
		};
		8BEDF0432BCF476600BD70D4 /* Release */ = {
			isa = XCBuildConfiguration;
			buildSettings = {
				BUNDLE_LOADER = "$(TEST_HOST)";
				CODE_SIGN_STYLE = Automatic;
				CURRENT_PROJECT_VERSION = 1;
				DEVELOPMENT_TEAM = 5FZSD4YTQ2;
				GENERATE_INFOPLIST_FILE = YES;
				MARKETING_VERSION = 1.0;
				PRODUCT_BUNDLE_IDENTIFIER = com.codewithWill.GeoParkTests;
				PRODUCT_NAME = "$(TARGET_NAME)";
				SWIFT_EMIT_LOC_STRINGS = NO;
				SWIFT_VERSION = 5.0;
				TARGETED_DEVICE_FAMILY = "1,2";
				TEST_HOST = "$(BUILT_PRODUCTS_DIR)/GeoPark.app/$(BUNDLE_EXECUTABLE_FOLDER_PATH)/GeoPark";
			};
			name = Release;
		};
/* End XCBuildConfiguration section */

/* Begin XCConfigurationList section */
		8B2C96D32BBF3DDA00999E47 /* Build configuration list for PBXProject "GeoPark" */ = {
			isa = XCConfigurationList;
			buildConfigurations = (
				8B2C96E92BBF3DDC00999E47 /* Debug */,
				8B2C96EA2BBF3DDC00999E47 /* Release */,
			);
			defaultConfigurationIsVisible = 0;
			defaultConfigurationName = Release;
		};
		8B2C96EB2BBF3DDC00999E47 /* Build configuration list for PBXNativeTarget "GeoPark" */ = {
			isa = XCConfigurationList;
			buildConfigurations = (
				8B2C96EC2BBF3DDC00999E47 /* Debug */,
				8B2C96ED2BBF3DDC00999E47 /* Release */,
			);
			defaultConfigurationIsVisible = 0;
			defaultConfigurationName = Release;
		};
		8BEDF0412BCF476600BD70D4 /* Build configuration list for PBXNativeTarget "GeoParkTests" */ = {
			isa = XCConfigurationList;
			buildConfigurations = (
				8BEDF0422BCF476600BD70D4 /* Debug */,
				8BEDF0432BCF476600BD70D4 /* Release */,
			);
			defaultConfigurationIsVisible = 0;
			defaultConfigurationName = Release;
		};
/* End XCConfigurationList section */

/* Begin XCVersionGroup section */
		8B2C96E62BBF3DDC00999E47 /* GeoPark.xcdatamodeld */ = {
			isa = XCVersionGroup;
			children = (
				8B2C96E72BBF3DDC00999E47 /* GeoPark.xcdatamodel */,
			);
			currentVersion = 8B2C96E72BBF3DDC00999E47 /* GeoPark.xcdatamodel */;
			path = GeoPark.xcdatamodeld;
			sourceTree = "<group>";
			versionGroupType = wrapper.xcdatamodel;
		};
/* End XCVersionGroup section */
	};
	rootObject = 8B2C96D02BBF3DDA00999E47 /* Project object */;
}
